
Microsoft Visual Studio Solution File, Format Version 12.00
# Visual Studio Version 17
VisualStudioVersion = 17.13.35828.75 d17.13
MinimumVisualStudioVersion = 10.0.40219.1
Project("{FAE04EC0-301F-11D3-BF4B-00C04F79EFBC}") = "Semana4", "Semana4.csproj", "{AEDF3927-1102-4E18-AC82-215602F355CF}"
EndProject
Global
	GlobalSection(SolutionConfigurationPlatforms) = preSolution
		Debug|Any CPU = Debug|Any CPU
		Release|Any CPU = Release|Any CPU
	EndGlobalSection
	GlobalSection(ProjectConfigurationPlatforms) = postSolution
		{AEDF3927-1102-4E18-AC82-215602F355CF}.Debug|Any CPU.ActiveCfg = Debug|Any CPU
		{AEDF3927-1102-4E18-AC82-215602F355CF}.Debug|Any CPU.Build.0 = Debug|Any CPU
		{AEDF3927-1102-4E18-AC82-215602F355CF}.Release|Any CPU.ActiveCfg = Release|Any CPU
		{AEDF3927-1102-4E18-AC82-215602F355CF}.Release|Any CPU.Build.0 = Release|Any CPU
	EndGlobalSection
	GlobalSection(SolutionProperties) = preSolution
		HideSolutionNode = FALSE
	EndGlobalSection
	GlobalSection(ExtensibilityGlobals) = postSolution
		SolutionGuid = {CBF3B863-126A-4D17-A134-7C69E76944FA}
	EndGlobalSection
EndGlobal
